
Microsoft Visual Studio Solution File, Format Version 12.00
# Visual Studio Version 17
VisualStudioVersion = 17.9.34728.123
MinimumVisualStudioVersion = 10.0.40219.1
Project("{FAE04EC0-301F-11D3-BF4B-00C04F79EFBC}") = "API", "API.csproj", "{CA020515-52E3-4697-948B-943A28D31FD0}"
EndProject
Global
	GlobalSection(SolutionConfigurationPlatforms) = preSolution
		Debug|Any CPU = Debug|Any CPU
		Release|Any CPU = Release|Any CPU
	EndGlobalSection
	GlobalSection(ProjectConfigurationPlatforms) = postSolution
		{CA020515-52E3-4697-948B-943A28D31FD0}.Debug|Any CPU.ActiveCfg = Debug|Any CPU
		{CA020515-52E3-4697-948B-943A28D31FD0}.Debug|Any CPU.Build.0 = Debug|Any CPU
		{CA020515-52E3-4697-948B-943A28D31FD0}.Release|Any CPU.ActiveCfg = Release|Any CPU
		{CA020515-52E3-4697-948B-943A28D31FD0}.Release|Any CPU.Build.0 = Release|Any CPU
	EndGlobalSection
	GlobalSection(SolutionProperties) = preSolution
		HideSolutionNode = FALSE
	EndGlobalSection
	GlobalSection(ExtensibilityGlobals) = postSolution
		SolutionGuid = {C334270B-417C-4744-9B3D-FA4DF7D7F8A1}
	EndGlobalSection
EndGlobal
