
Microsoft Visual Studio Solution File, Format Version 12.00
# Visual Studio Version 17
VisualStudioVersion = 17.9.34728.123
MinimumVisualStudioVersion = 10.0.40219.1
Project("{FAE04EC0-301F-11D3-BF4B-00C04F79EFBC}") = "API", "API.csproj", "{CA020515-52E3-4697-948B-943A28D31FD0}"
EndProject
Project("{FAE04EC0-301F-11D3-BF4B-00C04F79EFBC}") = "Domain", "..\Domain\Domain.csproj", "{B5CBA787-5B4D-438C-88C5-5B5A4B5359D7}"
EndProject
Project("{FAE04EC0-301F-11D3-BF4B-00C04F79EFBC}") = "Persistence", "..\Persistence\Persistence.csproj", "{32D494E2-1AC1-44D0-8C7E-1F923714CA0A}"
EndProject
Project("{FAE04EC0-301F-11D3-BF4B-00C04F79EFBC}") = "Core", "..\Core\Core.csproj", "{E4EE7D8B-31FA-4DE4-BBD2-7DDA3C4214D8}"
EndProject
Global
	GlobalSection(SolutionConfigurationPlatforms) = preSolution
		Debug|Any CPU = Debug|Any CPU
		Release|Any CPU = Release|Any CPU
	EndGlobalSection
	GlobalSection(ProjectConfigurationPlatforms) = postSolution
		{CA020515-52E3-4697-948B-943A28D31FD0}.Debug|Any CPU.ActiveCfg = Debug|Any CPU
		{CA020515-52E3-4697-948B-943A28D31FD0}.Debug|Any CPU.Build.0 = Debug|Any CPU
		{CA020515-52E3-4697-948B-943A28D31FD0}.Release|Any CPU.ActiveCfg = Release|Any CPU
		{CA020515-52E3-4697-948B-943A28D31FD0}.Release|Any CPU.Build.0 = Release|Any CPU
		{B5CBA787-5B4D-438C-88C5-5B5A4B5359D7}.Debug|Any CPU.ActiveCfg = Debug|Any CPU
		{B5CBA787-5B4D-438C-88C5-5B5A4B5359D7}.Debug|Any CPU.Build.0 = Debug|Any CPU
		{B5CBA787-5B4D-438C-88C5-5B5A4B5359D7}.Release|Any CPU.ActiveCfg = Release|Any CPU
		{B5CBA787-5B4D-438C-88C5-5B5A4B5359D7}.Release|Any CPU.Build.0 = Release|Any CPU
		{32D494E2-1AC1-44D0-8C7E-1F923714CA0A}.Debug|Any CPU.ActiveCfg = Debug|Any CPU
		{32D494E2-1AC1-44D0-8C7E-1F923714CA0A}.Debug|Any CPU.Build.0 = Debug|Any CPU
		{32D494E2-1AC1-44D0-8C7E-1F923714CA0A}.Release|Any CPU.ActiveCfg = Release|Any CPU
		{32D494E2-1AC1-44D0-8C7E-1F923714CA0A}.Release|Any CPU.Build.0 = Release|Any CPU
		{E4EE7D8B-31FA-4DE4-BBD2-7DDA3C4214D8}.Debug|Any CPU.ActiveCfg = Debug|Any CPU
		{E4EE7D8B-31FA-4DE4-BBD2-7DDA3C4214D8}.Debug|Any CPU.Build.0 = Debug|Any CPU
		{E4EE7D8B-31FA-4DE4-BBD2-7DDA3C4214D8}.Release|Any CPU.ActiveCfg = Release|Any CPU
		{E4EE7D8B-31FA-4DE4-BBD2-7DDA3C4214D8}.Release|Any CPU.Build.0 = Release|Any CPU
	EndGlobalSection
	GlobalSection(SolutionProperties) = preSolution
		HideSolutionNode = FALSE
	EndGlobalSection
	GlobalSection(ExtensibilityGlobals) = postSolution
		SolutionGuid = {C334270B-417C-4744-9B3D-FA4DF7D7F8A1}
	EndGlobalSection
EndGlobal
